
Microsoft Visual Studio Solution File, Format Version 12.00
# Visual Studio Version 16
VisualStudioVersion = 16.0.29806.167
MinimumVisualStudioVersion = 10.0.40219.1
Project("{FAE04EC0-301F-11D3-BF4B-00C04F79EFBC}") = "Repositorio Git", "Repositorio Git\Repositorio Git.csproj", "{91ACE7E2-2405-4EE2-AA12-9C0FC70A6C3A}"
EndProject
Global
	GlobalSection(SolutionConfigurationPlatforms) = preSolution
		Debug|Any CPU = Debug|Any CPU
		Release|Any CPU = Release|Any CPU
	EndGlobalSection
	GlobalSection(ProjectConfigurationPlatforms) = postSolution
		{91ACE7E2-2405-4EE2-AA12-9C0FC70A6C3A}.Debug|Any CPU.ActiveCfg = Debug|Any CPU
		{91ACE7E2-2405-4EE2-AA12-9C0FC70A6C3A}.Debug|Any CPU.Build.0 = Debug|Any CPU
		{91ACE7E2-2405-4EE2-AA12-9C0FC70A6C3A}.Release|Any CPU.ActiveCfg = Release|Any CPU
		{91ACE7E2-2405-4EE2-AA12-9C0FC70A6C3A}.Release|Any CPU.Build.0 = Release|Any CPU
	EndGlobalSection
	GlobalSection(SolutionProperties) = preSolution
		HideSolutionNode = FALSE
	EndGlobalSection
	GlobalSection(ExtensibilityGlobals) = postSolution
		SolutionGuid = {FDBFDEEE-6E54-4ED8-8DB8-53E20273334A}
	EndGlobalSection
EndGlobal
